
Microsoft Visual Studio Solution File, Format Version 12.00
# Visual Studio 15
VisualStudioVersion = 15.0.28010.2041
MinimumVisualStudioVersion = 10.0.40219.1
Project("{FAE04EC0-301F-11D3-BF4B-00C04F79EFBC}") = "ExceptionNotification.Core", "ExceptionNotification.Core\ExceptionNotification.Core.csproj", "{045C9C82-609E-4E00-8317-28C22C75ED0E}"
EndProject
Project("{FAE04EC0-301F-11D3-BF4B-00C04F79EFBC}") = "ExceptionNotification.Core.Tests", "ExceptionNotification.Core.Tests\ExceptionNotification.Core.Tests.csproj", "{BA457D80-FF67-47F9-A5FA-1FA67D85107F}"
EndProject
Global
	GlobalSection(SolutionConfigurationPlatforms) = preSolution
		Debug|Any CPU = Debug|Any CPU
		Release|Any CPU = Release|Any CPU
	EndGlobalSection
	GlobalSection(ProjectConfigurationPlatforms) = postSolution
		{045C9C82-609E-4E00-8317-28C22C75ED0E}.Debug|Any CPU.ActiveCfg = Debug|Any CPU
		{045C9C82-609E-4E00-8317-28C22C75ED0E}.Debug|Any CPU.Build.0 = Debug|Any CPU
		{045C9C82-609E-4E00-8317-28C22C75ED0E}.Release|Any CPU.ActiveCfg = Release|Any CPU
		{045C9C82-609E-4E00-8317-28C22C75ED0E}.Release|Any CPU.Build.0 = Release|Any CPU
		{BA457D80-FF67-47F9-A5FA-1FA67D85107F}.Debug|Any CPU.ActiveCfg = Debug|Any CPU
		{BA457D80-FF67-47F9-A5FA-1FA67D85107F}.Debug|Any CPU.Build.0 = Debug|Any CPU
		{BA457D80-FF67-47F9-A5FA-1FA67D85107F}.Release|Any CPU.ActiveCfg = Release|Any CPU
		{BA457D80-FF67-47F9-A5FA-1FA67D85107F}.Release|Any CPU.Build.0 = Release|Any CPU
	EndGlobalSection
	GlobalSection(SolutionProperties) = preSolution
		HideSolutionNode = FALSE
	EndGlobalSection
	GlobalSection(ExtensibilityGlobals) = postSolution
		SolutionGuid = {625B77BE-7D82-42A6-80D3-F09A5EB966DE}
	EndGlobalSection
EndGlobal
